
Microsoft Visual Studio Solution File, Format Version 12.00
# Visual Studio Version 17
VisualStudioVersion = 17.5.002.0
MinimumVisualStudioVersion = 10.0.40219.1
Project("{2150E333-8FDC-42A3-9474-1A3956D46DE8}") = "src", "src", "{B70CD117-ACEE-45EF-AB3A-3D828586566A}"
EndProject
Project("{9A19103F-16F7-4668-BE54-9A1E7A4F7556}") = "CoachFitAI.Web", "src\CoachFitAI.Web\CoachFitAI.Web.csproj", "{593FB2F7-F6CF-486B-9162-1B5FDFFBDD9A}"
EndProject
Global
	GlobalSection(SolutionConfigurationPlatforms) = preSolution
		Debug|Any CPU = Debug|Any CPU
		Release|Any CPU = Release|Any CPU
	EndGlobalSection
	GlobalSection(ProjectConfigurationPlatforms) = postSolution
		{593FB2F7-F6CF-486B-9162-1B5FDFFBDD9A}.Debug|Any CPU.ActiveCfg = Debug|Any CPU
		{593FB2F7-F6CF-486B-9162-1B5FDFFBDD9A}.Debug|Any CPU.Build.0 = Debug|Any CPU
		{593FB2F7-F6CF-486B-9162-1B5FDFFBDD9A}.Release|Any CPU.ActiveCfg = Release|Any CPU
		{593FB2F7-F6CF-486B-9162-1B5FDFFBDD9A}.Release|Any CPU.Build.0 = Release|Any CPU
	EndGlobalSection
	GlobalSection(SolutionProperties) = preSolution
		HideSolutionNode = FALSE
	EndGlobalSection
	GlobalSection(NestedProjects) = preSolution
		{593FB2F7-F6CF-486B-9162-1B5FDFFBDD9A} = {B70CD117-ACEE-45EF-AB3A-3D828586566A}
	EndGlobalSection
	GlobalSection(ExtensibilityGlobals) = postSolution
		SolutionGuid = {A299EE3A-F937-4CC7-A008-686E8E5C4731}
	EndGlobalSection
EndGlobal
